
Microsoft Visual Studio Solution File, Format Version 12.00
# Visual Studio Version 16
VisualStudioVersion = 16.0.31005.135
MinimumVisualStudioVersion = 10.0.40219.1
Project("{FAE04EC0-301F-11D3-BF4B-00C04F79EFBC}") = "RgbController", "RgbController\RgbController.csproj", "{C47995B0-2AE4-4952-897C-A447E7DD190B}"
EndProject
Global
	GlobalSection(SolutionConfigurationPlatforms) = preSolution
		Debug|Any CPU = Debug|Any CPU
		Release|Any CPU = Release|Any CPU
	EndGlobalSection
	GlobalSection(ProjectConfigurationPlatforms) = postSolution
		{C47995B0-2AE4-4952-897C-A447E7DD190B}.Debug|Any CPU.ActiveCfg = Debug|Any CPU
		{C47995B0-2AE4-4952-897C-A447E7DD190B}.Debug|Any CPU.Build.0 = Debug|Any CPU
		{C47995B0-2AE4-4952-897C-A447E7DD190B}.Release|Any CPU.ActiveCfg = Release|Any CPU
		{C47995B0-2AE4-4952-897C-A447E7DD190B}.Release|Any CPU.Build.0 = Release|Any CPU
	EndGlobalSection
	GlobalSection(SolutionProperties) = preSolution
		HideSolutionNode = FALSE
	EndGlobalSection
	GlobalSection(ExtensibilityGlobals) = postSolution
		SolutionGuid = {A6C124FF-7A31-4594-8444-8FF9D11F1C1D}
	EndGlobalSection
EndGlobal
